
Microsoft Visual Studio Solution File, Format Version 12.00
# Visual Studio Version 17
VisualStudioVersion = 17.9.34728.123
MinimumVisualStudioVersion = 10.0.40219.1
Project("{FAE04EC0-301F-11D3-BF4B-00C04F79EFBC}") = "ex12_lambdas", "ex12_lambdas\ex12_lambdas.csproj", "{7DF294B4-DAB4-4A5B-AEC7-E62F1183F5CB}"
EndProject
Project("{FAE04EC0-301F-11D3-BF4B-00C04F79EFBC}") = "ex13_linqs", "ex13_linqs\ex13_linqs.csproj", "{D18338BD-848A-47C4-A0BA-672065EC4613}"
EndProject
Project("{FAE04EC0-301F-11D3-BF4B-00C04F79EFBC}") = "ex14_attributes", "ex14_attributes\ex14_attributes.csproj", "{AA26146F-F2DE-429F-B3A2-95B36F15D39F}"
EndProject
Project("{FAE04EC0-301F-11D3-BF4B-00C04F79EFBC}") = "ex15_pythons", "ex15_pythons\ex15_pythons.csproj", "{061E230A-85A8-41EA-8C78-478702C09551}"
EndProject
Project("{FAE04EC0-301F-11D3-BF4B-00C04F79EFBC}") = "ex16_winforms", "ex16_winforms\ex16_winforms.csproj", "{F2D0342E-4C07-44F9-AB46-34A7AE9E774D}"
EndProject
Global
	GlobalSection(SolutionConfigurationPlatforms) = preSolution
		Debug|Any CPU = Debug|Any CPU
		Release|Any CPU = Release|Any CPU
	EndGlobalSection
	GlobalSection(ProjectConfigurationPlatforms) = postSolution
		{7DF294B4-DAB4-4A5B-AEC7-E62F1183F5CB}.Debug|Any CPU.ActiveCfg = Debug|Any CPU
		{7DF294B4-DAB4-4A5B-AEC7-E62F1183F5CB}.Debug|Any CPU.Build.0 = Debug|Any CPU
		{7DF294B4-DAB4-4A5B-AEC7-E62F1183F5CB}.Release|Any CPU.ActiveCfg = Release|Any CPU
		{7DF294B4-DAB4-4A5B-AEC7-E62F1183F5CB}.Release|Any CPU.Build.0 = Release|Any CPU
		{D18338BD-848A-47C4-A0BA-672065EC4613}.Debug|Any CPU.ActiveCfg = Debug|Any CPU
		{D18338BD-848A-47C4-A0BA-672065EC4613}.Debug|Any CPU.Build.0 = Debug|Any CPU
		{D18338BD-848A-47C4-A0BA-672065EC4613}.Release|Any CPU.ActiveCfg = Release|Any CPU
		{D18338BD-848A-47C4-A0BA-672065EC4613}.Release|Any CPU.Build.0 = Release|Any CPU
		{AA26146F-F2DE-429F-B3A2-95B36F15D39F}.Debug|Any CPU.ActiveCfg = Debug|Any CPU
		{AA26146F-F2DE-429F-B3A2-95B36F15D39F}.Debug|Any CPU.Build.0 = Debug|Any CPU
		{AA26146F-F2DE-429F-B3A2-95B36F15D39F}.Release|Any CPU.ActiveCfg = Release|Any CPU
		{AA26146F-F2DE-429F-B3A2-95B36F15D39F}.Release|Any CPU.Build.0 = Release|Any CPU
		{061E230A-85A8-41EA-8C78-478702C09551}.Debug|Any CPU.ActiveCfg = Debug|Any CPU
		{061E230A-85A8-41EA-8C78-478702C09551}.Debug|Any CPU.Build.0 = Debug|Any CPU
		{061E230A-85A8-41EA-8C78-478702C09551}.Release|Any CPU.ActiveCfg = Release|Any CPU
		{061E230A-85A8-41EA-8C78-478702C09551}.Release|Any CPU.Build.0 = Release|Any CPU
		{F2D0342E-4C07-44F9-AB46-34A7AE9E774D}.Debug|Any CPU.ActiveCfg = Debug|Any CPU
		{F2D0342E-4C07-44F9-AB46-34A7AE9E774D}.Debug|Any CPU.Build.0 = Debug|Any CPU
		{F2D0342E-4C07-44F9-AB46-34A7AE9E774D}.Release|Any CPU.ActiveCfg = Release|Any CPU
		{F2D0342E-4C07-44F9-AB46-34A7AE9E774D}.Release|Any CPU.Build.0 = Release|Any CPU
	EndGlobalSection
	GlobalSection(SolutionProperties) = preSolution
		HideSolutionNode = FALSE
	EndGlobalSection
	GlobalSection(ExtensibilityGlobals) = postSolution
		SolutionGuid = {7FB2411E-D954-497A-9321-EBC95E396FF0}
	EndGlobalSection
EndGlobal
