
Microsoft Visual Studio Solution File, Format Version 12.00
# Visual Studio Version 17
VisualStudioVersion = 17.9.34728.123
MinimumVisualStudioVersion = 10.0.40219.1
Project("{FAE04EC0-301F-11D3-BF4B-00C04F79EFBC}") = "MyExploer", "MyExploer\MyExploer.csproj", "{EBB8588F-EE74-4B7B-96E9-79077E6C1D3A}"
EndProject
Global
	GlobalSection(SolutionConfigurationPlatforms) = preSolution
		Debug|Any CPU = Debug|Any CPU
		Release|Any CPU = Release|Any CPU
	EndGlobalSection
	GlobalSection(ProjectConfigurationPlatforms) = postSolution
		{EBB8588F-EE74-4B7B-96E9-79077E6C1D3A}.Debug|Any CPU.ActiveCfg = Debug|Any CPU
		{EBB8588F-EE74-4B7B-96E9-79077E6C1D3A}.Debug|Any CPU.Build.0 = Debug|Any CPU
		{EBB8588F-EE74-4B7B-96E9-79077E6C1D3A}.Release|Any CPU.ActiveCfg = Release|Any CPU
		{EBB8588F-EE74-4B7B-96E9-79077E6C1D3A}.Release|Any CPU.Build.0 = Release|Any CPU
	EndGlobalSection
	GlobalSection(SolutionProperties) = preSolution
		HideSolutionNode = FALSE
	EndGlobalSection
	GlobalSection(ExtensibilityGlobals) = postSolution
		SolutionGuid = {D3A885D5-2288-420F-AAC5-2AA27349E259}
	EndGlobalSection
EndGlobal
